
Microsoft Visual Studio Solution File, Format Version 12.00
# Visual Studio 15
VisualStudioVersion = 15.0.27428.2043
MinimumVisualStudioVersion = 10.0.40219.1
Project("{FAE04EC0-301F-11D3-BF4B-00C04F79EFBC}") = "NamePipeTest", "NamePipeTest\NamePipeTest.csproj", "{F8BC2A04-D021-4DDC-9EB2-5FAEFD57B60D}"
EndProject
Global
	GlobalSection(SolutionConfigurationPlatforms) = preSolution
		Debug|Any CPU = Debug|Any CPU
		Release|Any CPU = Release|Any CPU
	EndGlobalSection
	GlobalSection(ProjectConfigurationPlatforms) = postSolution
		{F8BC2A04-D021-4DDC-9EB2-5FAEFD57B60D}.Debug|Any CPU.ActiveCfg = Debug|Any CPU
		{F8BC2A04-D021-4DDC-9EB2-5FAEFD57B60D}.Debug|Any CPU.Build.0 = Debug|Any CPU
		{F8BC2A04-D021-4DDC-9EB2-5FAEFD57B60D}.Release|Any CPU.ActiveCfg = Release|Any CPU
		{F8BC2A04-D021-4DDC-9EB2-5FAEFD57B60D}.Release|Any CPU.Build.0 = Release|Any CPU
	EndGlobalSection
	GlobalSection(SolutionProperties) = preSolution
		HideSolutionNode = FALSE
	EndGlobalSection
	GlobalSection(ExtensibilityGlobals) = postSolution
		SolutionGuid = {0758FDD8-5315-4439-A1D7-6F7E314AE85E}
	EndGlobalSection
EndGlobal
